{
  "name": "qst-app",
  "version": "1.0.0",
  "lockfileVersion": 1,
  "requires": true,
  "dependencies": {
    "@dcloudio/types": {
      "version": "2.0.22",
      "resolved": "https://registry.npmjs.org/@dcloudio/types/-/types-2.0.22.tgz",
      "integrity": "sha512-oRU4m1KDGG8Vbz6ROzl1IRh/wXXnxVPkLCxGMzY8w0cun8/ebna6/6+7Xjhm68ZGeTCn/qmaJnSGAvMhmlhHzw=="
    },
    "js-base64": {
      "version": "2.6.4",
      "resolved": "https://registry.npmjs.org/js-base64/-/js-base64-2.6.4.tgz",
      "integrity": "sha512-pZe//GGmwJndub7ZghVHz7vjb2LgC1m8B07Au3eYqeqv9emhESByMXxaEgkUkEqJe87oBbSniGYoQNIBklc7IQ=="
    },
    "luch-request": {
      "version": "3.0.5",
      "resolved": "https://registry.npmjs.org/luch-request/-/luch-request-3.0.5.tgz",
      "integrity": "sha512-IpIET4O2BWtTsKw2Cjane0jppGbomQkoOAq5pIRbusqbEoqM968d0OI1jCzLKywgpmqfwx3/IPnH7Rnuv0TVtw==",
      "requires": {
        "@dcloudio/types": "^2.0.16"
      }
    },
    "uni-colorui": {
      "version": "2.1.6",
      "resolved": "https://registry.npmjs.org/uni-colorui/-/uni-colorui-2.1.6.tgz",
      "integrity": "sha512-gzc7ZVCnms0TLuYciSmgGiNolRAHAeoZDv8CtRsET90IIKvM5kCiCqv4qMREGhyf3IkARaIL5zZfUX2JfD4u/g=="
    },
    "uview-ui": {
      "version": "1.8.3",
      "resolved": "https://registry.npmjs.org/uview-ui/-/uview-ui-1.8.3.tgz",
      "integrity": "sha512-DqKc+qRrOZLPcyfWv4b0HspSS9n1Cd6BbgKiYEv9rjTAnWoqJV7rXsvWqZdr5iKGP5EMNbNS741GLNw4sIHbpw=="
    }
  }
}
